
Microsoft Visual Studio Solution File, Format Version 12.00
# Visual Studio Version 17
VisualStudioVersion = 17.0.31903.59
MinimumVisualStudioVersion = 10.0.40219.1
Project("{2150E333-8FDC-42A3-9474-1A3956D46DE8}") = "services", "services", "{5854FF58-B8C5-05C6-5BF2-ACE42193F22B}"
EndProject
Project("{2150E333-8FDC-42A3-9474-1A3956D46DE8}") = "operational-api", "operational-api", "{B37097A7-0479-15E2-0D2A-1F76E429C7EE}"
EndProject
Project("{2150E333-8FDC-42A3-9474-1A3956D46DE8}") = "src", "src", "{47943316-09F9-60EA-5274-6376F67AD9B4}"
EndProject
Project("{FAE04EC0-301F-11D3-BF4B-00C04F79EFBC}") = "Ginsengfood.Operational.Api", "services\operational-api\src\Ginsengfood.Operational.Api\Ginsengfood.Operational.Api.csproj", "{C3161AE1-8A65-4F72-87EA-A10B33B135A0}"
EndProject
Project("{FAE04EC0-301F-11D3-BF4B-00C04F79EFBC}") = "Ginsengfood.Operational.Application", "services\operational-api\src\Ginsengfood.Operational.Application\Ginsengfood.Operational.Application.csproj", "{9A1E42F5-C4A3-4BC7-9659-474258FCDD48}"
EndProject
Project("{FAE04EC0-301F-11D3-BF4B-00C04F79EFBC}") = "Ginsengfood.Operational.Domain", "services\operational-api\src\Ginsengfood.Operational.Domain\Ginsengfood.Operational.Domain.csproj", "{892F6DE1-638F-49B6-896E-5748B231ECF6}"
EndProject
Project("{FAE04EC0-301F-11D3-BF4B-00C04F79EFBC}") = "Ginsengfood.Operational.Infrastructure", "services\operational-api\src\Ginsengfood.Operational.Infrastructure\Ginsengfood.Operational.Infrastructure.csproj", "{E96B99C9-97BA-47AA-924E-A16EE6CC9B9B}"
EndProject
Project("{2150E333-8FDC-42A3-9474-1A3956D46DE8}") = "background-worker", "background-worker", "{655F178C-7A52-E8D6-C99B-775B6B6BC2BD}"
EndProject
Project("{2150E333-8FDC-42A3-9474-1A3956D46DE8}") = "src", "src", "{0487FEDD-A079-B007-1898-5F9631E237E0}"
EndProject
Project("{FAE04EC0-301F-11D3-BF4B-00C04F79EFBC}") = "Ginsengfood.Operational.Worker", "services\background-worker\src\Ginsengfood.Operational.Worker\Ginsengfood.Operational.Worker.csproj", "{D4EA325E-90A9-4B0A-8364-891976BA1367}"
EndProject
Project("{2150E333-8FDC-42A3-9474-1A3956D46DE8}") = "printer-device-adapter", "printer-device-adapter", "{1C1733E8-A8D7-A2AE-7CBB-2CE9B2AA1BD8}"
EndProject
Project("{2150E333-8FDC-42A3-9474-1A3956D46DE8}") = "src", "src", "{9B678E9B-1C28-2274-308F-45B9EAEB6E37}"
EndProject
Project("{FAE04EC0-301F-11D3-BF4B-00C04F79EFBC}") = "Ginsengfood.Operational.PrinterDeviceAdapter", "services\printer-device-adapter\src\Ginsengfood.Operational.PrinterDeviceAdapter\Ginsengfood.Operational.PrinterDeviceAdapter.csproj", "{AE20BE02-5A2D-4318-9EF8-D292814B3C15}"
EndProject
Project("{2150E333-8FDC-42A3-9474-1A3956D46DE8}") = "packages", "packages", "{809F86A1-1C4C-B159-0CD4-DF9D33D876CE}"
EndProject
Project("{2150E333-8FDC-42A3-9474-1A3956D46DE8}") = "shared-kernel", "shared-kernel", "{28FC9140-1517-DEA5-67FE-2E5476BA15A0}"
EndProject
Project("{2150E333-8FDC-42A3-9474-1A3956D46DE8}") = "src", "src", "{C529557B-D64E-F4EE-EF63-B6DCF62F0B67}"
EndProject
Project("{FAE04EC0-301F-11D3-BF4B-00C04F79EFBC}") = "Ginsengfood.Operational.SharedKernel", "packages\shared-kernel\src\Ginsengfood.Operational.SharedKernel\Ginsengfood.Operational.SharedKernel.csproj", "{907095F5-B373-49EF-82B9-D86F69D0CD4E}"
EndProject
Project("{2150E333-8FDC-42A3-9474-1A3956D46DE8}") = "api-contracts", "api-contracts", "{59A4822A-F742-3E00-35A4-2FD0694A2241}"
EndProject
Project("{2150E333-8FDC-42A3-9474-1A3956D46DE8}") = "src", "src", "{A1F950C7-5117-167A-9445-A5D7F82D0E9A}"
EndProject
Project("{FAE04EC0-301F-11D3-BF4B-00C04F79EFBC}") = "Ginsengfood.Operational.Contracts", "packages\api-contracts\src\Ginsengfood.Operational.Contracts\Ginsengfood.Operational.Contracts.csproj", "{C2393B83-195E-4B70-A3BB-E003F356EB41}"
EndProject
Project("{2150E333-8FDC-42A3-9474-1A3956D46DE8}") = "tests", "tests", "{0AB3BF05-4346-4AA6-1389-037BE0695223}"
EndProject
Project("{2150E333-8FDC-42A3-9474-1A3956D46DE8}") = "backend", "backend", "{C62EED4C-2AC9-F50F-E0BC-649CFEA98BDB}"
EndProject
Project("{FAE04EC0-301F-11D3-BF4B-00C04F79EFBC}") = "Ginsengfood.Operational.Scaffold.Tests", "tests\backend\Ginsengfood.Operational.Scaffold.Tests\Ginsengfood.Operational.Scaffold.Tests.csproj", "{665CC6BF-EFD2-431F-9759-9BD357095C66}"
EndProject
Global
	GlobalSection(SolutionConfigurationPlatforms) = preSolution
		Debug|Any CPU = Debug|Any CPU
		Debug|x64 = Debug|x64
		Debug|x86 = Debug|x86
		Release|Any CPU = Release|Any CPU
		Release|x64 = Release|x64
		Release|x86 = Release|x86
	EndGlobalSection
	GlobalSection(ProjectConfigurationPlatforms) = postSolution
		{C3161AE1-8A65-4F72-87EA-A10B33B135A0}.Debug|Any CPU.ActiveCfg = Debug|Any CPU
		{C3161AE1-8A65-4F72-87EA-A10B33B135A0}.Debug|Any CPU.Build.0 = Debug|Any CPU
		{C3161AE1-8A65-4F72-87EA-A10B33B135A0}.Debug|x64.ActiveCfg = Debug|Any CPU
		{C3161AE1-8A65-4F72-87EA-A10B33B135A0}.Debug|x64.Build.0 = Debug|Any CPU
		{C3161AE1-8A65-4F72-87EA-A10B33B135A0}.Debug|x86.ActiveCfg = Debug|Any CPU
		{C3161AE1-8A65-4F72-87EA-A10B33B135A0}.Debug|x86.Build.0 = Debug|Any CPU
		{C3161AE1-8A65-4F72-87EA-A10B33B135A0}.Release|Any CPU.ActiveCfg = Release|Any CPU
		{C3161AE1-8A65-4F72-87EA-A10B33B135A0}.Release|Any CPU.Build.0 = Release|Any CPU
		{C3161AE1-8A65-4F72-87EA-A10B33B135A0}.Release|x64.ActiveCfg = Release|Any CPU
		{C3161AE1-8A65-4F72-87EA-A10B33B135A0}.Release|x64.Build.0 = Release|Any CPU
		{C3161AE1-8A65-4F72-87EA-A10B33B135A0}.Release|x86.ActiveCfg = Release|Any CPU
		{C3161AE1-8A65-4F72-87EA-A10B33B135A0}.Release|x86.Build.0 = Release|Any CPU
		{9A1E42F5-C4A3-4BC7-9659-474258FCDD48}.Debug|Any CPU.ActiveCfg = Debug|Any CPU
		{9A1E42F5-C4A3-4BC7-9659-474258FCDD48}.Debug|Any CPU.Build.0 = Debug|Any CPU
		{9A1E42F5-C4A3-4BC7-9659-474258FCDD48}.Debug|x64.ActiveCfg = Debug|Any CPU
		{9A1E42F5-C4A3-4BC7-9659-474258FCDD48}.Debug|x64.Build.0 = Debug|Any CPU
		{9A1E42F5-C4A3-4BC7-9659-474258FCDD48}.Debug|x86.ActiveCfg = Debug|Any CPU
		{9A1E42F5-C4A3-4BC7-9659-474258FCDD48}.Debug|x86.Build.0 = Debug|Any CPU
		{9A1E42F5-C4A3-4BC7-9659-474258FCDD48}.Release|Any CPU.ActiveCfg = Release|Any CPU
		{9A1E42F5-C4A3-4BC7-9659-474258FCDD48}.Release|Any CPU.Build.0 = Release|Any CPU
		{9A1E42F5-C4A3-4BC7-9659-474258FCDD48}.Release|x64.ActiveCfg = Release|Any CPU
		{9A1E42F5-C4A3-4BC7-9659-474258FCDD48}.Release|x64.Build.0 = Release|Any CPU
		{9A1E42F5-C4A3-4BC7-9659-474258FCDD48}.Release|x86.ActiveCfg = Release|Any CPU
		{9A1E42F5-C4A3-4BC7-9659-474258FCDD48}.Release|x86.Build.0 = Release|Any CPU
		{892F6DE1-638F-49B6-896E-5748B231ECF6}.Debug|Any CPU.ActiveCfg = Debug|Any CPU
		{892F6DE1-638F-49B6-896E-5748B231ECF6}.Debug|Any CPU.Build.0 = Debug|Any CPU
		{892F6DE1-638F-49B6-896E-5748B231ECF6}.Debug|x64.ActiveCfg = Debug|Any CPU
		{892F6DE1-638F-49B6-896E-5748B231ECF6}.Debug|x64.Build.0 = Debug|Any CPU
		{892F6DE1-638F-49B6-896E-5748B231ECF6}.Debug|x86.ActiveCfg = Debug|Any CPU
		{892F6DE1-638F-49B6-896E-5748B231ECF6}.Debug|x86.Build.0 = Debug|Any CPU
		{892F6DE1-638F-49B6-896E-5748B231ECF6}.Release|Any CPU.ActiveCfg = Release|Any CPU
		{892F6DE1-638F-49B6-896E-5748B231ECF6}.Release|Any CPU.Build.0 = Release|Any CPU
		{892F6DE1-638F-49B6-896E-5748B231ECF6}.Release|x64.ActiveCfg = Release|Any CPU
		{892F6DE1-638F-49B6-896E-5748B231ECF6}.Release|x64.Build.0 = Release|Any CPU
		{892F6DE1-638F-49B6-896E-5748B231ECF6}.Release|x86.ActiveCfg = Release|Any CPU
		{892F6DE1-638F-49B6-896E-5748B231ECF6}.Release|x86.Build.0 = Release|Any CPU
		{E96B99C9-97BA-47AA-924E-A16EE6CC9B9B}.Debug|Any CPU.ActiveCfg = Debug|Any CPU
		{E96B99C9-97BA-47AA-924E-A16EE6CC9B9B}.Debug|Any CPU.Build.0 = Debug|Any CPU
		{E96B99C9-97BA-47AA-924E-A16EE6CC9B9B}.Debug|x64.ActiveCfg = Debug|Any CPU
		{E96B99C9-97BA-47AA-924E-A16EE6CC9B9B}.Debug|x64.Build.0 = Debug|Any CPU
		{E96B99C9-97BA-47AA-924E-A16EE6CC9B9B}.Debug|x86.ActiveCfg = Debug|Any CPU
		{E96B99C9-97BA-47AA-924E-A16EE6CC9B9B}.Debug|x86.Build.0 = Debug|Any CPU
		{E96B99C9-97BA-47AA-924E-A16EE6CC9B9B}.Release|Any CPU.ActiveCfg = Release|Any CPU
		{E96B99C9-97BA-47AA-924E-A16EE6CC9B9B}.Release|Any CPU.Build.0 = Release|Any CPU
		{E96B99C9-97BA-47AA-924E-A16EE6CC9B9B}.Release|x64.ActiveCfg = Release|Any CPU
		{E96B99C9-97BA-47AA-924E-A16EE6CC9B9B}.Release|x64.Build.0 = Release|Any CPU
		{E96B99C9-97BA-47AA-924E-A16EE6CC9B9B}.Release|x86.ActiveCfg = Release|Any CPU
		{E96B99C9-97BA-47AA-924E-A16EE6CC9B9B}.Release|x86.Build.0 = Release|Any CPU
		{D4EA325E-90A9-4B0A-8364-891976BA1367}.Debug|Any CPU.ActiveCfg = Debug|Any CPU
		{D4EA325E-90A9-4B0A-8364-891976BA1367}.Debug|Any CPU.Build.0 = Debug|Any CPU
		{D4EA325E-90A9-4B0A-8364-891976BA1367}.Debug|x64.ActiveCfg = Debug|Any CPU
		{D4EA325E-90A9-4B0A-8364-891976BA1367}.Debug|x64.Build.0 = Debug|Any CPU
		{D4EA325E-90A9-4B0A-8364-891976BA1367}.Debug|x86.ActiveCfg = Debug|Any CPU
		{D4EA325E-90A9-4B0A-8364-891976BA1367}.Debug|x86.Build.0 = Debug|Any CPU
		{D4EA325E-90A9-4B0A-8364-891976BA1367}.Release|Any CPU.ActiveCfg = Release|Any CPU
		{D4EA325E-90A9-4B0A-8364-891976BA1367}.Release|Any CPU.Build.0 = Release|Any CPU
		{D4EA325E-90A9-4B0A-8364-891976BA1367}.Release|x64.ActiveCfg = Release|Any CPU
		{D4EA325E-90A9-4B0A-8364-891976BA1367}.Release|x64.Build.0 = Release|Any CPU
		{D4EA325E-90A9-4B0A-8364-891976BA1367}.Release|x86.ActiveCfg = Release|Any CPU
		{D4EA325E-90A9-4B0A-8364-891976BA1367}.Release|x86.Build.0 = Release|Any CPU
		{AE20BE02-5A2D-4318-9EF8-D292814B3C15}.Debug|Any CPU.ActiveCfg = Debug|Any CPU
		{AE20BE02-5A2D-4318-9EF8-D292814B3C15}.Debug|Any CPU.Build.0 = Debug|Any CPU
		{AE20BE02-5A2D-4318-9EF8-D292814B3C15}.Debug|x64.ActiveCfg = Debug|Any CPU
		{AE20BE02-5A2D-4318-9EF8-D292814B3C15}.Debug|x64.Build.0 = Debug|Any CPU
		{AE20BE02-5A2D-4318-9EF8-D292814B3C15}.Debug|x86.ActiveCfg = Debug|Any CPU
		{AE20BE02-5A2D-4318-9EF8-D292814B3C15}.Debug|x86.Build.0 = Debug|Any CPU
		{AE20BE02-5A2D-4318-9EF8-D292814B3C15}.Release|Any CPU.ActiveCfg = Release|Any CPU
		{AE20BE02-5A2D-4318-9EF8-D292814B3C15}.Release|Any CPU.Build.0 = Release|Any CPU
		{AE20BE02-5A2D-4318-9EF8-D292814B3C15}.Release|x64.ActiveCfg = Release|Any CPU
		{AE20BE02-5A2D-4318-9EF8-D292814B3C15}.Release|x64.Build.0 = Release|Any CPU
		{AE20BE02-5A2D-4318-9EF8-D292814B3C15}.Release|x86.ActiveCfg = Release|Any CPU
		{AE20BE02-5A2D-4318-9EF8-D292814B3C15}.Release|x86.Build.0 = Release|Any CPU
		{907095F5-B373-49EF-82B9-D86F69D0CD4E}.Debug|Any CPU.ActiveCfg = Debug|Any CPU
		{907095F5-B373-49EF-82B9-D86F69D0CD4E}.Debug|Any CPU.Build.0 = Debug|Any CPU
		{907095F5-B373-49EF-82B9-D86F69D0CD4E}.Debug|x64.ActiveCfg = Debug|Any CPU
		{907095F5-B373-49EF-82B9-D86F69D0CD4E}.Debug|x64.Build.0 = Debug|Any CPU
		{907095F5-B373-49EF-82B9-D86F69D0CD4E}.Debug|x86.ActiveCfg = Debug|Any CPU
		{907095F5-B373-49EF-82B9-D86F69D0CD4E}.Debug|x86.Build.0 = Debug|Any CPU
		{907095F5-B373-49EF-82B9-D86F69D0CD4E}.Release|Any CPU.ActiveCfg = Release|Any CPU
		{907095F5-B373-49EF-82B9-D86F69D0CD4E}.Release|Any CPU.Build.0 = Release|Any CPU
		{907095F5-B373-49EF-82B9-D86F69D0CD4E}.Release|x64.ActiveCfg = Release|Any CPU
		{907095F5-B373-49EF-82B9-D86F69D0CD4E}.Release|x64.Build.0 = Release|Any CPU
		{907095F5-B373-49EF-82B9-D86F69D0CD4E}.Release|x86.ActiveCfg = Release|Any CPU
		{907095F5-B373-49EF-82B9-D86F69D0CD4E}.Release|x86.Build.0 = Release|Any CPU
		{C2393B83-195E-4B70-A3BB-E003F356EB41}.Debug|Any CPU.ActiveCfg = Debug|Any CPU
		{C2393B83-195E-4B70-A3BB-E003F356EB41}.Debug|Any CPU.Build.0 = Debug|Any CPU
		{C2393B83-195E-4B70-A3BB-E003F356EB41}.Debug|x64.ActiveCfg = Debug|Any CPU
		{C2393B83-195E-4B70-A3BB-E003F356EB41}.Debug|x64.Build.0 = Debug|Any CPU
		{C2393B83-195E-4B70-A3BB-E003F356EB41}.Debug|x86.ActiveCfg = Debug|Any CPU
		{C2393B83-195E-4B70-A3BB-E003F356EB41}.Debug|x86.Build.0 = Debug|Any CPU
		{C2393B83-195E-4B70-A3BB-E003F356EB41}.Release|Any CPU.ActiveCfg = Release|Any CPU
		{C2393B83-195E-4B70-A3BB-E003F356EB41}.Release|Any CPU.Build.0 = Release|Any CPU
		{C2393B83-195E-4B70-A3BB-E003F356EB41}.Release|x64.ActiveCfg = Release|Any CPU
		{C2393B83-195E-4B70-A3BB-E003F356EB41}.Release|x64.Build.0 = Release|Any CPU
		{C2393B83-195E-4B70-A3BB-E003F356EB41}.Release|x86.ActiveCfg = Release|Any CPU
		{C2393B83-195E-4B70-A3BB-E003F356EB41}.Release|x86.Build.0 = Release|Any CPU
		{665CC6BF-EFD2-431F-9759-9BD357095C66}.Debug|Any CPU.ActiveCfg = Debug|Any CPU
		{665CC6BF-EFD2-431F-9759-9BD357095C66}.Debug|Any CPU.Build.0 = Debug|Any CPU
		{665CC6BF-EFD2-431F-9759-9BD357095C66}.Debug|x64.ActiveCfg = Debug|Any CPU
		{665CC6BF-EFD2-431F-9759-9BD357095C66}.Debug|x64.Build.0 = Debug|Any CPU
		{665CC6BF-EFD2-431F-9759-9BD357095C66}.Debug|x86.ActiveCfg = Debug|Any CPU
		{665CC6BF-EFD2-431F-9759-9BD357095C66}.Debug|x86.Build.0 = Debug|Any CPU
		{665CC6BF-EFD2-431F-9759-9BD357095C66}.Release|Any CPU.ActiveCfg = Release|Any CPU
		{665CC6BF-EFD2-431F-9759-9BD357095C66}.Release|Any CPU.Build.0 = Release|Any CPU
		{665CC6BF-EFD2-431F-9759-9BD357095C66}.Release|x64.ActiveCfg = Release|Any CPU
		{665CC6BF-EFD2-431F-9759-9BD357095C66}.Release|x64.Build.0 = Release|Any CPU
		{665CC6BF-EFD2-431F-9759-9BD357095C66}.Release|x86.ActiveCfg = Release|Any CPU
		{665CC6BF-EFD2-431F-9759-9BD357095C66}.Release|x86.Build.0 = Release|Any CPU
	EndGlobalSection
	GlobalSection(SolutionProperties) = preSolution
		HideSolutionNode = FALSE
	EndGlobalSection
	GlobalSection(NestedProjects) = preSolution
		{B37097A7-0479-15E2-0D2A-1F76E429C7EE} = {5854FF58-B8C5-05C6-5BF2-ACE42193F22B}
		{47943316-09F9-60EA-5274-6376F67AD9B4} = {B37097A7-0479-15E2-0D2A-1F76E429C7EE}
		{C3161AE1-8A65-4F72-87EA-A10B33B135A0} = {47943316-09F9-60EA-5274-6376F67AD9B4}
		{9A1E42F5-C4A3-4BC7-9659-474258FCDD48} = {47943316-09F9-60EA-5274-6376F67AD9B4}
		{892F6DE1-638F-49B6-896E-5748B231ECF6} = {47943316-09F9-60EA-5274-6376F67AD9B4}
		{E96B99C9-97BA-47AA-924E-A16EE6CC9B9B} = {47943316-09F9-60EA-5274-6376F67AD9B4}
		{655F178C-7A52-E8D6-C99B-775B6B6BC2BD} = {5854FF58-B8C5-05C6-5BF2-ACE42193F22B}
		{0487FEDD-A079-B007-1898-5F9631E237E0} = {655F178C-7A52-E8D6-C99B-775B6B6BC2BD}
		{D4EA325E-90A9-4B0A-8364-891976BA1367} = {0487FEDD-A079-B007-1898-5F9631E237E0}
		{1C1733E8-A8D7-A2AE-7CBB-2CE9B2AA1BD8} = {5854FF58-B8C5-05C6-5BF2-ACE42193F22B}
		{9B678E9B-1C28-2274-308F-45B9EAEB6E37} = {1C1733E8-A8D7-A2AE-7CBB-2CE9B2AA1BD8}
		{AE20BE02-5A2D-4318-9EF8-D292814B3C15} = {9B678E9B-1C28-2274-308F-45B9EAEB6E37}
		{28FC9140-1517-DEA5-67FE-2E5476BA15A0} = {809F86A1-1C4C-B159-0CD4-DF9D33D876CE}
		{C529557B-D64E-F4EE-EF63-B6DCF62F0B67} = {28FC9140-1517-DEA5-67FE-2E5476BA15A0}
		{907095F5-B373-49EF-82B9-D86F69D0CD4E} = {C529557B-D64E-F4EE-EF63-B6DCF62F0B67}
		{59A4822A-F742-3E00-35A4-2FD0694A2241} = {809F86A1-1C4C-B159-0CD4-DF9D33D876CE}
		{A1F950C7-5117-167A-9445-A5D7F82D0E9A} = {59A4822A-F742-3E00-35A4-2FD0694A2241}
		{C2393B83-195E-4B70-A3BB-E003F356EB41} = {A1F950C7-5117-167A-9445-A5D7F82D0E9A}
		{C62EED4C-2AC9-F50F-E0BC-649CFEA98BDB} = {0AB3BF05-4346-4AA6-1389-037BE0695223}
		{665CC6BF-EFD2-431F-9759-9BD357095C66} = {C62EED4C-2AC9-F50F-E0BC-649CFEA98BDB}
	EndGlobalSection
EndGlobal
